
Microsoft Visual Studio Solution File, Format Version 12.00
# Visual Studio Version 17
VisualStudioVersion = 17.0.31903.59
MinimumVisualStudioVersion = 10.0.40219.1
Project("{FAE04EC0-301F-11D3-BF4B-00C04F79EFBC}") = "T1.Q2", "T1.Q2.csproj", "{223ECC98-C2D2-4031-8A18-F58423828598}"
EndProject
Global
	GlobalSection(SolutionConfigurationPlatforms) = preSolution
		Debug|Any CPU = Debug|Any CPU
		Release|Any CPU = Release|Any CPU
	EndGlobalSection
	GlobalSection(ProjectConfigurationPlatforms) = postSolution
		{223ECC98-C2D2-4031-8A18-F58423828598}.Debug|Any CPU.ActiveCfg = Debug|Any CPU
		{223ECC98-C2D2-4031-8A18-F58423828598}.Debug|Any CPU.Build.0 = Debug|Any CPU
		{223ECC98-C2D2-4031-8A18-F58423828598}.Release|Any CPU.ActiveCfg = Release|Any CPU
		{223ECC98-C2D2-4031-8A18-F58423828598}.Release|Any CPU.Build.0 = Release|Any CPU
	EndGlobalSection
	GlobalSection(SolutionProperties) = preSolution
		HideSolutionNode = FALSE
	EndGlobalSection
	GlobalSection(ExtensibilityGlobals) = postSolution
		SolutionGuid = {45C3A2FA-7170-4EBA-BD64-ECEB65A482A7}
	EndGlobalSection
EndGlobal
